<Solution>
  <Folder Name="/bench/">
    <Project Path="bench/Riddersholm.Money.Benchmarks/Riddersholm.Money.Benchmarks.csproj" />
  </Folder>
  <Folder Name="/samples/">
    <Project Path="samples/Riddersholm.Money.Sample.Api/Riddersholm.Money.Sample.Api.csproj" />
    <Project Path="samples/Riddersholm.Money.Sample.Console/Riddersholm.Money.Sample.Console.csproj" />
  </Folder>
  <Folder Name="/src/">
    <Project Path="src/Riddersholm.Money.EntityFrameworkCore/Riddersholm.Money.EntityFrameworkCore.csproj" />
    <Project Path="src/Riddersholm.Money.Generators/Riddersholm.Money.Generators.csproj" />
    <Project Path="src/Riddersholm.Money/Riddersholm.Money.csproj" />
  </Folder>
  <Folder Name="/tests/">
    <Project Path="tests/Riddersholm.Money.AotTests/Riddersholm.Money.AotTests.csproj" />
    <Project Path="tests/Riddersholm.Money.EntityFrameworkCore.Tests/Riddersholm.Money.EntityFrameworkCore.Tests.csproj" />
    <Project Path="tests/Riddersholm.Money.Extensibility.Tests/Riddersholm.Money.Extensibility.Tests.csproj" />
    <Project Path="tests/Riddersholm.Money.Tests/Riddersholm.Money.Tests.csproj" />
  </Folder>
  <Folder Name="/tools/">
    <Project Path="tools/Riddersholm.Money.DataSync/Riddersholm.Money.DataSync.csproj" />
  </Folder>
</Solution>
